
Microsoft Visual Studio Solution File, Format Version 12.00
# Visual Studio Version 17
VisualStudioVersion = 17.5.002.0
MinimumVisualStudioVersion = 10.0.40219.1
Project("{9A19103F-16F7-4668-BE54-9A1E7A4F7556}") = "LibrosRiwi", "LibrosRiwi.csproj", "{FB0E4F8C-430D-46AA-80F0-9A90CAB03BFD}"
EndProject
Global
	GlobalSection(SolutionConfigurationPlatforms) = preSolution
		Debug|Any CPU = Debug|Any CPU
		Release|Any CPU = Release|Any CPU
	EndGlobalSection
	GlobalSection(ProjectConfigurationPlatforms) = postSolution
		{FB0E4F8C-430D-46AA-80F0-9A90CAB03BFD}.Debug|Any CPU.ActiveCfg = Debug|Any CPU
		{FB0E4F8C-430D-46AA-80F0-9A90CAB03BFD}.Debug|Any CPU.Build.0 = Debug|Any CPU
		{FB0E4F8C-430D-46AA-80F0-9A90CAB03BFD}.Release|Any CPU.ActiveCfg = Release|Any CPU
		{FB0E4F8C-430D-46AA-80F0-9A90CAB03BFD}.Release|Any CPU.Build.0 = Release|Any CPU
	EndGlobalSection
	GlobalSection(SolutionProperties) = preSolution
		HideSolutionNode = FALSE
	EndGlobalSection
	GlobalSection(ExtensibilityGlobals) = postSolution
		SolutionGuid = {A67B52B2-EA3F-49A0-87B7-75A627A6E39B}
	EndGlobalSection
EndGlobal
